
Microsoft Visual Studio Solution File, Format Version 12.00
# Visual Studio Version 17
VisualStudioVersion = 17.0.31903.59
MinimumVisualStudioVersion = 10.0.40219.1
Project("{2150E333-8FDC-42A3-9474-1A3956D46DE8}") = "04-Esercitazioni", "04-Esercitazioni", "{FC028E7E-A871-46A7-BA6E-86F82209C51A}"
EndProject
Project("{FAE04EC0-301F-11D3-BF4B-00C04F79EFBC}") = "01_metodi-console", "04-Esercitazioni\01_metodi-console\01_metodi-console.csproj", "{08B232C8-D4FF-42C8-8C1C-27453B17666F}"
EndProject
Project("{FAE04EC0-301F-11D3-BF4B-00C04F79EFBC}") = "02_tipi-di-dati", "04-Esercitazioni\02_tipi-di-dati\02_tipi-di-dati.csproj", "{2244657B-47E5-4B69-B4EA-DAB32B9D5239}"
EndProject
Project("{FAE04EC0-301F-11D3-BF4B-00C04F79EFBC}") = "03_operatori", "04-Esercitazioni\03_operatori\03_operatori.csproj", "{2B294100-AFAB-42D5-9942-660C82880142}"
EndProject
Project("{FAE04EC0-301F-11D3-BF4B-00C04F79EFBC}") = "04_condizioni", "04-Esercitazioni\04_condizioni\04_condizioni.csproj", "{94F59FB6-7BF3-4298-9DC0-1917C24C1271}"
EndProject
Project("{FAE04EC0-301F-11D3-BF4B-00C04F79EFBC}") = "05_cicli", "04-Esercitazioni\05_cicli\05_cicli.csproj", "{643D8807-413E-4A59-8D5F-AEC310E38CB9}"
EndProject
Project("{FAE04EC0-301F-11D3-BF4B-00C04F79EFBC}") = "06_metodi-array", "04-Esercitazioni\06_metodi-array\06_metodi-array.csproj", "{019D2315-D609-451A-B32A-43CD85878E4A}"
EndProject
Project("{FAE04EC0-301F-11D3-BF4B-00C04F79EFBC}") = "06_metodi-strings", "04-Esercitazioni\06_metodi-strings\06_metodi-strings.csproj", "{741E9EFD-B1DC-4A11-B745-C01F532D6292}"
EndProject
Project("{FAE04EC0-301F-11D3-BF4B-00C04F79EFBC}") = "07_metodi-lista", "04-Esercitazioni\07_metodi-lista\07_metodi-lista.csproj", "{8C3A0901-3271-4D94-8CF2-597C96270C3E}"
EndProject
Project("{FAE04EC0-301F-11D3-BF4B-00C04F79EFBC}") = "08_metodi-dizionario", "04-Esercitazioni\08_metodi-dizionario\08_metodi-dizionario.csproj", "{38FE2878-4DAF-4C37-AFE3-97A91D1E9417}"
EndProject
Project("{FAE04EC0-301F-11D3-BF4B-00C04F79EFBC}") = "09_dates", "04-Esercitazioni\09_dates\09_dates.csproj", "{67017B14-9235-4246-9104-E80D9C2B7193}"
EndProject
Project("{FAE04EC0-301F-11D3-BF4B-00C04F79EFBC}") = "10_math", "04-Esercitazioni\10_math\10_math.csproj", "{4DCAF202-78CF-4B99-8FA8-BAA2B37D04B8}"
EndProject
Project("{FAE04EC0-301F-11D3-BF4B-00C04F79EFBC}") = "11_gestione-eccezioni", "04-Esercitazioni\11_gestione-eccezioni\11_gestione-eccezioni.csproj", "{F21C31D2-AD3F-45BA-9F90-EBB7D22E0192}"
EndProject
Project("{FAE04EC0-301F-11D3-BF4B-00C04F79EFBC}") = "12_funzioni", "04-Esercitazioni\12_funzioni\12_funzioni.csproj", "{FDF1988A-1801-439A-B56A-815D1045B1EC}"
EndProject
Project("{FAE04EC0-301F-11D3-BF4B-00C04F79EFBC}") = "14_persistenza-txt", "04-Esercitazioni\14_persistenza-txt\14_persistenza-txt.csproj", "{9A62FBE7-FE9A-458C-B61B-620A61149379}"
EndProject
Project("{FAE04EC0-301F-11D3-BF4B-00C04F79EFBC}") = "15_metodi-file", "04-Esercitazioni\15_metodi-file\15_metodi-file.csproj", "{CF6EF6BE-D2B1-4EAA-B1AD-496F57D7C3FD}"
EndProject
Project("{2150E333-8FDC-42A3-9474-1A3956D46DE8}") = "04-Assignment", "04-Assignment", "{0F52F89E-5BC8-40E7-9EB5-D698E9EBA903}"
EndProject
Project("{FAE04EC0-301F-11D3-BF4B-00C04F79EFBC}") = "01_indovina-numero", "04-Assignment\01_indovina-numero\01_indovina-numero.csproj", "{9F3687BB-978C-43A4-8807-CE496EB42D59}"
EndProject
Project("{FAE04EC0-301F-11D3-BF4B-00C04F79EFBC}") = "02_sorteggio_partecipanti_corso", "04-Assignment\02_sorteggio_partecipanti_corso\02_sorteggio_partecipanti_corso.csproj", "{25DE1A8E-C0D2-4BF0-9BE9-3D0E8F86CA99}"
EndProject
Project("{FAE04EC0-301F-11D3-BF4B-00C04F79EFBC}") = "03_calcolatrice", "04-Assignment\03_calcolatrice\03_calcolatrice.csproj", "{163DF32F-2009-4EAA-9B1C-C17AB7CC81C3}"
EndProject
Project("{FAE04EC0-301F-11D3-BF4B-00C04F79EFBC}") = "04_calcolatrice-con-funzioni", "04-Assignment\04_calcolatrice-con-funzioni\04_calcolatrice-con-funzioni.csproj", "{BF3ED9EC-866E-41D1-8C39-B4E1BA7FCF10}"
EndProject
Project("{FAE04EC0-301F-11D3-BF4B-00C04F79EFBC}") = "05_sorteggio-con-funzioni", "04-Assignment\05_sorteggio-con-funzioni\05_sorteggio-con-funzioni.csproj", "{FB8B4529-1FE5-44D8-A3B2-9F01F8022ACA}"
EndProject
Project("{FAE04EC0-301F-11D3-BF4B-00C04F79EFBC}") = "06_indovina-numero-con-funzioni", "04-Assignment\06_indovina-numero-con-funzioni\06_indovina-numero-con-funzioni.csproj", "{CC78A018-1BE9-4C44-829D-39B4F029A7D8}"
EndProject
Project("{FAE04EC0-301F-11D3-BF4B-00C04F79EFBC}") = "07_gioco-dadi", "04-Assignment\07_gioco-dadi\07_gioco-dadi.csproj", "{0375112D-16FA-4481-A20C-2A6F3094D402}"
EndProject
Project("{FAE04EC0-301F-11D3-BF4B-00C04F79EFBC}") = "08_supermercato", "04-Assignment\08_supermercato\08_supermercato.csproj", "{9365C5A8-573D-4BB5-82AD-A69507123D04}"
EndProject
Project("{FAE04EC0-301F-11D3-BF4B-00C04F79EFBC}") = "09_generatore-password", "04-Assignment\09_generatore-password\09_generatore-password.csproj", "{6C86CC7F-32FB-4F59-9EE3-4D6E5CFC9BC1}"
EndProject
Project("{FAE04EC0-301F-11D3-BF4B-00C04F79EFBC}") = "10_inserimento-dati", "04-Assignment\10_inserimento-dati\10_inserimento-dati.csproj", "{359064EF-FB5C-4780-B8D9-3148D3646C34}"
EndProject
Project("{FAE04EC0-301F-11D3-BF4B-00C04F79EFBC}") = "11_metodo-verifica-input-generico", "04-Assignment\11_metodo-verifica-input-generico\11_metodo-verifica-input-generico.csproj", "{CEFFB6B9-7427-4DDD-979A-35DAFACC0C21}"
EndProject
Project("{FAE04EC0-301F-11D3-BF4B-00C04F79EFBC}") = "13_verifica-competenze-1", "04-Assignment\13_verifica-competenze-1\13_verifica-competenze-1.csproj", "{AEF6AA5C-2A3D-4445-947A-C3BAAFDAD0AB}"
EndProject
Project("{FAE04EC0-301F-11D3-BF4B-00C04F79EFBC}") = "14_sorteggio-partecipanti-txt", "04-Assignment\14_sorteggio-partecipanti-txt\14_sorteggio-partecipanti-txt.csproj", "{786E5E27-C55D-4C4E-96CD-2888504750F7}"
EndProject
Project("{FAE04EC0-301F-11D3-BF4B-00C04F79EFBC}") = "15_indovina-numero-txt", "04-Assignment\15_indovina-numero-txt\15_indovina-numero-txt.csproj", "{E4B7C5C8-9A8D-48F8-8F5F-BE1DA303B8FC}"
EndProject
Project("{FAE04EC0-301F-11D3-BF4B-00C04F79EFBC}") = "18_pers-csv", "04-Esercitazioni\18_pers-csv\18_pers-csv.csproj", "{DE6117CA-94A2-44CF-9A33-7DA77746088D}"
EndProject
Project("{FAE04EC0-301F-11D3-BF4B-00C04F79EFBC}") = "16_indovina-numero-csv", "04-Assignment\16_indovina-numero-csv\16_indovina-numero-csv.csproj", "{7F31F208-8051-44E1-8E93-364D381175EC}"
EndProject
Project("{FAE04EC0-301F-11D3-BF4B-00C04F79EFBC}") = "19_pers-json", "04-Esercitazioni\19_pers-json\19_pers-json.csproj", "{931AF2DB-67D6-4F5B-BC25-1E63B1D629F5}"
EndProject
Project("{FAE04EC0-301F-11D3-BF4B-00C04F79EFBC}") = "17_supermercato-completo", "04-Assignment\17_supermercato-completo\17_supermercato-completo.csproj", "{4EA42D51-C9E8-46A6-8CA4-1FA6E4143B98}"
EndProject
Project("{FAE04EC0-301F-11D3-BF4B-00C04F79EFBC}") = "17_supermercato_completo_esempio", "04-Assignment\17_01_supermercato_completo_esempio\17_supermercato_completo_esempio.csproj", "{F28CFDDD-270F-4697-B2F9-2252A2B9CDBF}"
EndProject
Project("{FAE04EC0-301F-11D3-BF4B-00C04F79EFBC}") = "20_classi-1", "04-Assignment\20_classi-1\20_classi-1.csproj", "{65761C9C-B87F-425F-B92D-5EC9563E2B54}"
EndProject
Project("{FAE04EC0-301F-11D3-BF4B-00C04F79EFBC}") = "21_classi-2", "04-Assignment\21_classi-2\21_classi-2.csproj", "{14FCB122-9803-4F7B-BCC7-1CAB2C29340F}"
EndProject
Project("{FAE04EC0-301F-11D3-BF4B-00C04F79EFBC}") = "22_classi-3", "04-Assignment\22_classi-3\22_classi-3.csproj", "{051F9102-1249-4B25-91BD-9472765817BF}"
EndProject
Project("{FAE04EC0-301F-11D3-BF4B-00C04F79EFBC}") = "23_classi-4", "04-Assignment\23_classi-4\23_classi-4.csproj", "{F8CD3744-73D2-4180-A398-B460F1AAFA87}"
EndProject
Project("{FAE04EC0-301F-11D3-BF4B-00C04F79EFBC}") = "24_classi-5", "04-Assignment\24_classi-5\24_classi-5.csproj", "{9AD6551B-1338-40C8-921F-B23D3C65F404}"
EndProject
Project("{FAE04EC0-301F-11D3-BF4B-00C04F79EFBC}") = "25_classi-6", "04-Assignment\25_classi-6\25_classi-6.csproj", "{20ED93D4-7BEB-4A75-849E-4110004EEB52}"
EndProject
Project("{FAE04EC0-301F-11D3-BF4B-00C04F79EFBC}") = "26_classi-7", "04-Assignment\26_classi-7\26_classi-7.csproj", "{ED33EC47-4A2B-49DC-9A02-5DC445D626F4}"
EndProject
Project("{FAE04EC0-301F-11D3-BF4B-00C04F79EFBC}") = "27_classi-8", "04-Assignment\27_classi-8\27_classi-8.csproj", "{7C755C7B-2270-46D1-A765-46BBEAB73BC8}"
EndProject
Project("{FAE04EC0-301F-11D3-BF4B-00C04F79EFBC}") = "28_classi-9", "04-Assignment\28_classi-9\28_classi-9.csproj", "{387388CE-8348-4108-995E-B02A6B12EB50}"
EndProject
Project("{FAE04EC0-301F-11D3-BF4B-00C04F79EFBC}") = "17_02_supermercato_advanced", "04-Assignment\17_02_supermercato_advanced\17_02_supermercato_advanced.csproj", "{2E273209-4F7F-4654-87C6-33674093D666}"
EndProject
Project("{FAE04EC0-301F-11D3-BF4B-00C04F79EFBC}") = "17_03_supermercato-con-classi", "04-Assignment\17_03_supermercato-con-classi\17_03_supermercato-con-classi.csproj", "{EE070CA8-CB6D-4502-9078-833B174D1802}"
EndProject
Global
	GlobalSection(SolutionConfigurationPlatforms) = preSolution
		Debug|Any CPU = Debug|Any CPU
		Release|Any CPU = Release|Any CPU
	EndGlobalSection
	GlobalSection(SolutionProperties) = preSolution
		HideSolutionNode = FALSE
	EndGlobalSection
	GlobalSection(ProjectConfigurationPlatforms) = postSolution
		{08B232C8-D4FF-42C8-8C1C-27453B17666F}.Debug|Any CPU.ActiveCfg = Debug|Any CPU
		{08B232C8-D4FF-42C8-8C1C-27453B17666F}.Debug|Any CPU.Build.0 = Debug|Any CPU
		{08B232C8-D4FF-42C8-8C1C-27453B17666F}.Release|Any CPU.ActiveCfg = Release|Any CPU
		{08B232C8-D4FF-42C8-8C1C-27453B17666F}.Release|Any CPU.Build.0 = Release|Any CPU
		{2244657B-47E5-4B69-B4EA-DAB32B9D5239}.Debug|Any CPU.ActiveCfg = Debug|Any CPU
		{2244657B-47E5-4B69-B4EA-DAB32B9D5239}.Debug|Any CPU.Build.0 = Debug|Any CPU
		{2244657B-47E5-4B69-B4EA-DAB32B9D5239}.Release|Any CPU.ActiveCfg = Release|Any CPU
		{2244657B-47E5-4B69-B4EA-DAB32B9D5239}.Release|Any CPU.Build.0 = Release|Any CPU
		{2B294100-AFAB-42D5-9942-660C82880142}.Debug|Any CPU.ActiveCfg = Debug|Any CPU
		{2B294100-AFAB-42D5-9942-660C82880142}.Debug|Any CPU.Build.0 = Debug|Any CPU
		{2B294100-AFAB-42D5-9942-660C82880142}.Release|Any CPU.ActiveCfg = Release|Any CPU
		{2B294100-AFAB-42D5-9942-660C82880142}.Release|Any CPU.Build.0 = Release|Any CPU
		{94F59FB6-7BF3-4298-9DC0-1917C24C1271}.Debug|Any CPU.ActiveCfg = Debug|Any CPU
		{94F59FB6-7BF3-4298-9DC0-1917C24C1271}.Debug|Any CPU.Build.0 = Debug|Any CPU
		{94F59FB6-7BF3-4298-9DC0-1917C24C1271}.Release|Any CPU.ActiveCfg = Release|Any CPU
		{94F59FB6-7BF3-4298-9DC0-1917C24C1271}.Release|Any CPU.Build.0 = Release|Any CPU
		{643D8807-413E-4A59-8D5F-AEC310E38CB9}.Debug|Any CPU.ActiveCfg = Debug|Any CPU
		{643D8807-413E-4A59-8D5F-AEC310E38CB9}.Debug|Any CPU.Build.0 = Debug|Any CPU
		{643D8807-413E-4A59-8D5F-AEC310E38CB9}.Release|Any CPU.ActiveCfg = Release|Any CPU
		{643D8807-413E-4A59-8D5F-AEC310E38CB9}.Release|Any CPU.Build.0 = Release|Any CPU
		{019D2315-D609-451A-B32A-43CD85878E4A}.Debug|Any CPU.ActiveCfg = Debug|Any CPU
		{019D2315-D609-451A-B32A-43CD85878E4A}.Debug|Any CPU.Build.0 = Debug|Any CPU
		{019D2315-D609-451A-B32A-43CD85878E4A}.Release|Any CPU.ActiveCfg = Release|Any CPU
		{019D2315-D609-451A-B32A-43CD85878E4A}.Release|Any CPU.Build.0 = Release|Any CPU
		{741E9EFD-B1DC-4A11-B745-C01F532D6292}.Debug|Any CPU.ActiveCfg = Debug|Any CPU
		{741E9EFD-B1DC-4A11-B745-C01F532D6292}.Debug|Any CPU.Build.0 = Debug|Any CPU
		{741E9EFD-B1DC-4A11-B745-C01F532D6292}.Release|Any CPU.ActiveCfg = Release|Any CPU
		{741E9EFD-B1DC-4A11-B745-C01F532D6292}.Release|Any CPU.Build.0 = Release|Any CPU
		{8C3A0901-3271-4D94-8CF2-597C96270C3E}.Debug|Any CPU.ActiveCfg = Debug|Any CPU
		{8C3A0901-3271-4D94-8CF2-597C96270C3E}.Debug|Any CPU.Build.0 = Debug|Any CPU
		{8C3A0901-3271-4D94-8CF2-597C96270C3E}.Release|Any CPU.ActiveCfg = Release|Any CPU
		{8C3A0901-3271-4D94-8CF2-597C96270C3E}.Release|Any CPU.Build.0 = Release|Any CPU
		{38FE2878-4DAF-4C37-AFE3-97A91D1E9417}.Debug|Any CPU.ActiveCfg = Debug|Any CPU
		{38FE2878-4DAF-4C37-AFE3-97A91D1E9417}.Debug|Any CPU.Build.0 = Debug|Any CPU
		{38FE2878-4DAF-4C37-AFE3-97A91D1E9417}.Release|Any CPU.ActiveCfg = Release|Any CPU
		{38FE2878-4DAF-4C37-AFE3-97A91D1E9417}.Release|Any CPU.Build.0 = Release|Any CPU
		{67017B14-9235-4246-9104-E80D9C2B7193}.Debug|Any CPU.ActiveCfg = Debug|Any CPU
		{67017B14-9235-4246-9104-E80D9C2B7193}.Debug|Any CPU.Build.0 = Debug|Any CPU
		{67017B14-9235-4246-9104-E80D9C2B7193}.Release|Any CPU.ActiveCfg = Release|Any CPU
		{67017B14-9235-4246-9104-E80D9C2B7193}.Release|Any CPU.Build.0 = Release|Any CPU
		{4DCAF202-78CF-4B99-8FA8-BAA2B37D04B8}.Debug|Any CPU.ActiveCfg = Debug|Any CPU
		{4DCAF202-78CF-4B99-8FA8-BAA2B37D04B8}.Debug|Any CPU.Build.0 = Debug|Any CPU
		{4DCAF202-78CF-4B99-8FA8-BAA2B37D04B8}.Release|Any CPU.ActiveCfg = Release|Any CPU
		{4DCAF202-78CF-4B99-8FA8-BAA2B37D04B8}.Release|Any CPU.Build.0 = Release|Any CPU
		{F21C31D2-AD3F-45BA-9F90-EBB7D22E0192}.Debug|Any CPU.ActiveCfg = Debug|Any CPU
		{F21C31D2-AD3F-45BA-9F90-EBB7D22E0192}.Debug|Any CPU.Build.0 = Debug|Any CPU
		{F21C31D2-AD3F-45BA-9F90-EBB7D22E0192}.Release|Any CPU.ActiveCfg = Release|Any CPU
		{F21C31D2-AD3F-45BA-9F90-EBB7D22E0192}.Release|Any CPU.Build.0 = Release|Any CPU
		{FDF1988A-1801-439A-B56A-815D1045B1EC}.Debug|Any CPU.ActiveCfg = Debug|Any CPU
		{FDF1988A-1801-439A-B56A-815D1045B1EC}.Debug|Any CPU.Build.0 = Debug|Any CPU
		{FDF1988A-1801-439A-B56A-815D1045B1EC}.Release|Any CPU.ActiveCfg = Release|Any CPU
		{FDF1988A-1801-439A-B56A-815D1045B1EC}.Release|Any CPU.Build.0 = Release|Any CPU
		{9A62FBE7-FE9A-458C-B61B-620A61149379}.Debug|Any CPU.ActiveCfg = Debug|Any CPU
		{9A62FBE7-FE9A-458C-B61B-620A61149379}.Debug|Any CPU.Build.0 = Debug|Any CPU
		{9A62FBE7-FE9A-458C-B61B-620A61149379}.Release|Any CPU.ActiveCfg = Release|Any CPU
		{9A62FBE7-FE9A-458C-B61B-620A61149379}.Release|Any CPU.Build.0 = Release|Any CPU
		{CF6EF6BE-D2B1-4EAA-B1AD-496F57D7C3FD}.Debug|Any CPU.ActiveCfg = Debug|Any CPU
		{CF6EF6BE-D2B1-4EAA-B1AD-496F57D7C3FD}.Debug|Any CPU.Build.0 = Debug|Any CPU
		{CF6EF6BE-D2B1-4EAA-B1AD-496F57D7C3FD}.Release|Any CPU.ActiveCfg = Release|Any CPU
		{CF6EF6BE-D2B1-4EAA-B1AD-496F57D7C3FD}.Release|Any CPU.Build.0 = Release|Any CPU
		{9F3687BB-978C-43A4-8807-CE496EB42D59}.Debug|Any CPU.ActiveCfg = Debug|Any CPU
		{9F3687BB-978C-43A4-8807-CE496EB42D59}.Debug|Any CPU.Build.0 = Debug|Any CPU
		{9F3687BB-978C-43A4-8807-CE496EB42D59}.Release|Any CPU.ActiveCfg = Release|Any CPU
		{9F3687BB-978C-43A4-8807-CE496EB42D59}.Release|Any CPU.Build.0 = Release|Any CPU
		{25DE1A8E-C0D2-4BF0-9BE9-3D0E8F86CA99}.Debug|Any CPU.ActiveCfg = Debug|Any CPU
		{25DE1A8E-C0D2-4BF0-9BE9-3D0E8F86CA99}.Debug|Any CPU.Build.0 = Debug|Any CPU
		{25DE1A8E-C0D2-4BF0-9BE9-3D0E8F86CA99}.Release|Any CPU.ActiveCfg = Release|Any CPU
		{25DE1A8E-C0D2-4BF0-9BE9-3D0E8F86CA99}.Release|Any CPU.Build.0 = Release|Any CPU
		{163DF32F-2009-4EAA-9B1C-C17AB7CC81C3}.Debug|Any CPU.ActiveCfg = Debug|Any CPU
		{163DF32F-2009-4EAA-9B1C-C17AB7CC81C3}.Debug|Any CPU.Build.0 = Debug|Any CPU
		{163DF32F-2009-4EAA-9B1C-C17AB7CC81C3}.Release|Any CPU.ActiveCfg = Release|Any CPU
		{163DF32F-2009-4EAA-9B1C-C17AB7CC81C3}.Release|Any CPU.Build.0 = Release|Any CPU
		{BF3ED9EC-866E-41D1-8C39-B4E1BA7FCF10}.Debug|Any CPU.ActiveCfg = Debug|Any CPU
		{BF3ED9EC-866E-41D1-8C39-B4E1BA7FCF10}.Debug|Any CPU.Build.0 = Debug|Any CPU
		{BF3ED9EC-866E-41D1-8C39-B4E1BA7FCF10}.Release|Any CPU.ActiveCfg = Release|Any CPU
		{BF3ED9EC-866E-41D1-8C39-B4E1BA7FCF10}.Release|Any CPU.Build.0 = Release|Any CPU
		{FB8B4529-1FE5-44D8-A3B2-9F01F8022ACA}.Debug|Any CPU.ActiveCfg = Debug|Any CPU
		{FB8B4529-1FE5-44D8-A3B2-9F01F8022ACA}.Debug|Any CPU.Build.0 = Debug|Any CPU
		{FB8B4529-1FE5-44D8-A3B2-9F01F8022ACA}.Release|Any CPU.ActiveCfg = Release|Any CPU
		{FB8B4529-1FE5-44D8-A3B2-9F01F8022ACA}.Release|Any CPU.Build.0 = Release|Any CPU
		{CC78A018-1BE9-4C44-829D-39B4F029A7D8}.Debug|Any CPU.ActiveCfg = Debug|Any CPU
		{CC78A018-1BE9-4C44-829D-39B4F029A7D8}.Debug|Any CPU.Build.0 = Debug|Any CPU
		{CC78A018-1BE9-4C44-829D-39B4F029A7D8}.Release|Any CPU.ActiveCfg = Release|Any CPU
		{CC78A018-1BE9-4C44-829D-39B4F029A7D8}.Release|Any CPU.Build.0 = Release|Any CPU
		{0375112D-16FA-4481-A20C-2A6F3094D402}.Debug|Any CPU.ActiveCfg = Debug|Any CPU
		{0375112D-16FA-4481-A20C-2A6F3094D402}.Debug|Any CPU.Build.0 = Debug|Any CPU
		{0375112D-16FA-4481-A20C-2A6F3094D402}.Release|Any CPU.ActiveCfg = Release|Any CPU
		{0375112D-16FA-4481-A20C-2A6F3094D402}.Release|Any CPU.Build.0 = Release|Any CPU
		{9365C5A8-573D-4BB5-82AD-A69507123D04}.Debug|Any CPU.ActiveCfg = Debug|Any CPU
		{9365C5A8-573D-4BB5-82AD-A69507123D04}.Debug|Any CPU.Build.0 = Debug|Any CPU
		{9365C5A8-573D-4BB5-82AD-A69507123D04}.Release|Any CPU.ActiveCfg = Release|Any CPU
		{9365C5A8-573D-4BB5-82AD-A69507123D04}.Release|Any CPU.Build.0 = Release|Any CPU
		{6C86CC7F-32FB-4F59-9EE3-4D6E5CFC9BC1}.Debug|Any CPU.ActiveCfg = Debug|Any CPU
		{6C86CC7F-32FB-4F59-9EE3-4D6E5CFC9BC1}.Debug|Any CPU.Build.0 = Debug|Any CPU
		{6C86CC7F-32FB-4F59-9EE3-4D6E5CFC9BC1}.Release|Any CPU.ActiveCfg = Release|Any CPU
		{6C86CC7F-32FB-4F59-9EE3-4D6E5CFC9BC1}.Release|Any CPU.Build.0 = Release|Any CPU
		{359064EF-FB5C-4780-B8D9-3148D3646C34}.Debug|Any CPU.ActiveCfg = Debug|Any CPU
		{359064EF-FB5C-4780-B8D9-3148D3646C34}.Debug|Any CPU.Build.0 = Debug|Any CPU
		{359064EF-FB5C-4780-B8D9-3148D3646C34}.Release|Any CPU.ActiveCfg = Release|Any CPU
		{359064EF-FB5C-4780-B8D9-3148D3646C34}.Release|Any CPU.Build.0 = Release|Any CPU
		{CEFFB6B9-7427-4DDD-979A-35DAFACC0C21}.Debug|Any CPU.ActiveCfg = Debug|Any CPU
		{CEFFB6B9-7427-4DDD-979A-35DAFACC0C21}.Debug|Any CPU.Build.0 = Debug|Any CPU
		{CEFFB6B9-7427-4DDD-979A-35DAFACC0C21}.Release|Any CPU.ActiveCfg = Release|Any CPU
		{CEFFB6B9-7427-4DDD-979A-35DAFACC0C21}.Release|Any CPU.Build.0 = Release|Any CPU
		{AEF6AA5C-2A3D-4445-947A-C3BAAFDAD0AB}.Debug|Any CPU.ActiveCfg = Debug|Any CPU
		{AEF6AA5C-2A3D-4445-947A-C3BAAFDAD0AB}.Debug|Any CPU.Build.0 = Debug|Any CPU
		{AEF6AA5C-2A3D-4445-947A-C3BAAFDAD0AB}.Release|Any CPU.ActiveCfg = Release|Any CPU
		{AEF6AA5C-2A3D-4445-947A-C3BAAFDAD0AB}.Release|Any CPU.Build.0 = Release|Any CPU
		{786E5E27-C55D-4C4E-96CD-2888504750F7}.Debug|Any CPU.ActiveCfg = Debug|Any CPU
		{786E5E27-C55D-4C4E-96CD-2888504750F7}.Debug|Any CPU.Build.0 = Debug|Any CPU
		{786E5E27-C55D-4C4E-96CD-2888504750F7}.Release|Any CPU.ActiveCfg = Release|Any CPU
		{786E5E27-C55D-4C4E-96CD-2888504750F7}.Release|Any CPU.Build.0 = Release|Any CPU
		{E4B7C5C8-9A8D-48F8-8F5F-BE1DA303B8FC}.Debug|Any CPU.ActiveCfg = Debug|Any CPU
		{E4B7C5C8-9A8D-48F8-8F5F-BE1DA303B8FC}.Debug|Any CPU.Build.0 = Debug|Any CPU
		{E4B7C5C8-9A8D-48F8-8F5F-BE1DA303B8FC}.Release|Any CPU.ActiveCfg = Release|Any CPU
		{E4B7C5C8-9A8D-48F8-8F5F-BE1DA303B8FC}.Release|Any CPU.Build.0 = Release|Any CPU
		{DE6117CA-94A2-44CF-9A33-7DA77746088D}.Debug|Any CPU.ActiveCfg = Debug|Any CPU
		{DE6117CA-94A2-44CF-9A33-7DA77746088D}.Debug|Any CPU.Build.0 = Debug|Any CPU
		{DE6117CA-94A2-44CF-9A33-7DA77746088D}.Release|Any CPU.ActiveCfg = Release|Any CPU
		{DE6117CA-94A2-44CF-9A33-7DA77746088D}.Release|Any CPU.Build.0 = Release|Any CPU
		{7F31F208-8051-44E1-8E93-364D381175EC}.Debug|Any CPU.ActiveCfg = Debug|Any CPU
		{7F31F208-8051-44E1-8E93-364D381175EC}.Debug|Any CPU.Build.0 = Debug|Any CPU
		{7F31F208-8051-44E1-8E93-364D381175EC}.Release|Any CPU.ActiveCfg = Release|Any CPU
		{7F31F208-8051-44E1-8E93-364D381175EC}.Release|Any CPU.Build.0 = Release|Any CPU
		{931AF2DB-67D6-4F5B-BC25-1E63B1D629F5}.Debug|Any CPU.ActiveCfg = Debug|Any CPU
		{931AF2DB-67D6-4F5B-BC25-1E63B1D629F5}.Debug|Any CPU.Build.0 = Debug|Any CPU
		{931AF2DB-67D6-4F5B-BC25-1E63B1D629F5}.Release|Any CPU.ActiveCfg = Release|Any CPU
		{931AF2DB-67D6-4F5B-BC25-1E63B1D629F5}.Release|Any CPU.Build.0 = Release|Any CPU
		{4EA42D51-C9E8-46A6-8CA4-1FA6E4143B98}.Debug|Any CPU.ActiveCfg = Debug|Any CPU
		{4EA42D51-C9E8-46A6-8CA4-1FA6E4143B98}.Debug|Any CPU.Build.0 = Debug|Any CPU
		{4EA42D51-C9E8-46A6-8CA4-1FA6E4143B98}.Release|Any CPU.ActiveCfg = Release|Any CPU
		{4EA42D51-C9E8-46A6-8CA4-1FA6E4143B98}.Release|Any CPU.Build.0 = Release|Any CPU
		{F28CFDDD-270F-4697-B2F9-2252A2B9CDBF}.Debug|Any CPU.ActiveCfg = Debug|Any CPU
		{F28CFDDD-270F-4697-B2F9-2252A2B9CDBF}.Debug|Any CPU.Build.0 = Debug|Any CPU
		{F28CFDDD-270F-4697-B2F9-2252A2B9CDBF}.Release|Any CPU.ActiveCfg = Release|Any CPU
		{F28CFDDD-270F-4697-B2F9-2252A2B9CDBF}.Release|Any CPU.Build.0 = Release|Any CPU
		{65761C9C-B87F-425F-B92D-5EC9563E2B54}.Debug|Any CPU.ActiveCfg = Debug|Any CPU
		{65761C9C-B87F-425F-B92D-5EC9563E2B54}.Debug|Any CPU.Build.0 = Debug|Any CPU
		{65761C9C-B87F-425F-B92D-5EC9563E2B54}.Release|Any CPU.ActiveCfg = Release|Any CPU
		{65761C9C-B87F-425F-B92D-5EC9563E2B54}.Release|Any CPU.Build.0 = Release|Any CPU
		{14FCB122-9803-4F7B-BCC7-1CAB2C29340F}.Debug|Any CPU.ActiveCfg = Debug|Any CPU
		{14FCB122-9803-4F7B-BCC7-1CAB2C29340F}.Debug|Any CPU.Build.0 = Debug|Any CPU
		{14FCB122-9803-4F7B-BCC7-1CAB2C29340F}.Release|Any CPU.ActiveCfg = Release|Any CPU
		{14FCB122-9803-4F7B-BCC7-1CAB2C29340F}.Release|Any CPU.Build.0 = Release|Any CPU
		{051F9102-1249-4B25-91BD-9472765817BF}.Debug|Any CPU.ActiveCfg = Debug|Any CPU
		{051F9102-1249-4B25-91BD-9472765817BF}.Debug|Any CPU.Build.0 = Debug|Any CPU
		{051F9102-1249-4B25-91BD-9472765817BF}.Release|Any CPU.ActiveCfg = Release|Any CPU
		{051F9102-1249-4B25-91BD-9472765817BF}.Release|Any CPU.Build.0 = Release|Any CPU
		{F8CD3744-73D2-4180-A398-B460F1AAFA87}.Debug|Any CPU.ActiveCfg = Debug|Any CPU
		{F8CD3744-73D2-4180-A398-B460F1AAFA87}.Debug|Any CPU.Build.0 = Debug|Any CPU
		{F8CD3744-73D2-4180-A398-B460F1AAFA87}.Release|Any CPU.ActiveCfg = Release|Any CPU
		{F8CD3744-73D2-4180-A398-B460F1AAFA87}.Release|Any CPU.Build.0 = Release|Any CPU
		{9AD6551B-1338-40C8-921F-B23D3C65F404}.Debug|Any CPU.ActiveCfg = Debug|Any CPU
		{9AD6551B-1338-40C8-921F-B23D3C65F404}.Debug|Any CPU.Build.0 = Debug|Any CPU
		{9AD6551B-1338-40C8-921F-B23D3C65F404}.Release|Any CPU.ActiveCfg = Release|Any CPU
		{9AD6551B-1338-40C8-921F-B23D3C65F404}.Release|Any CPU.Build.0 = Release|Any CPU
		{20ED93D4-7BEB-4A75-849E-4110004EEB52}.Debug|Any CPU.ActiveCfg = Debug|Any CPU
		{20ED93D4-7BEB-4A75-849E-4110004EEB52}.Debug|Any CPU.Build.0 = Debug|Any CPU
		{20ED93D4-7BEB-4A75-849E-4110004EEB52}.Release|Any CPU.ActiveCfg = Release|Any CPU
		{20ED93D4-7BEB-4A75-849E-4110004EEB52}.Release|Any CPU.Build.0 = Release|Any CPU
		{ED33EC47-4A2B-49DC-9A02-5DC445D626F4}.Debug|Any CPU.ActiveCfg = Debug|Any CPU
		{ED33EC47-4A2B-49DC-9A02-5DC445D626F4}.Debug|Any CPU.Build.0 = Debug|Any CPU
		{ED33EC47-4A2B-49DC-9A02-5DC445D626F4}.Release|Any CPU.ActiveCfg = Release|Any CPU
		{ED33EC47-4A2B-49DC-9A02-5DC445D626F4}.Release|Any CPU.Build.0 = Release|Any CPU
		{7C755C7B-2270-46D1-A765-46BBEAB73BC8}.Debug|Any CPU.ActiveCfg = Debug|Any CPU
		{7C755C7B-2270-46D1-A765-46BBEAB73BC8}.Debug|Any CPU.Build.0 = Debug|Any CPU
		{7C755C7B-2270-46D1-A765-46BBEAB73BC8}.Release|Any CPU.ActiveCfg = Release|Any CPU
		{7C755C7B-2270-46D1-A765-46BBEAB73BC8}.Release|Any CPU.Build.0 = Release|Any CPU
		{387388CE-8348-4108-995E-B02A6B12EB50}.Debug|Any CPU.ActiveCfg = Debug|Any CPU
		{387388CE-8348-4108-995E-B02A6B12EB50}.Debug|Any CPU.Build.0 = Debug|Any CPU
		{387388CE-8348-4108-995E-B02A6B12EB50}.Release|Any CPU.ActiveCfg = Release|Any CPU
		{387388CE-8348-4108-995E-B02A6B12EB50}.Release|Any CPU.Build.0 = Release|Any CPU
		{2E273209-4F7F-4654-87C6-33674093D666}.Debug|Any CPU.ActiveCfg = Debug|Any CPU
		{2E273209-4F7F-4654-87C6-33674093D666}.Debug|Any CPU.Build.0 = Debug|Any CPU
		{2E273209-4F7F-4654-87C6-33674093D666}.Release|Any CPU.ActiveCfg = Release|Any CPU
		{2E273209-4F7F-4654-87C6-33674093D666}.Release|Any CPU.Build.0 = Release|Any CPU
		{EE070CA8-CB6D-4502-9078-833B174D1802}.Debug|Any CPU.ActiveCfg = Debug|Any CPU
		{EE070CA8-CB6D-4502-9078-833B174D1802}.Debug|Any CPU.Build.0 = Debug|Any CPU
		{EE070CA8-CB6D-4502-9078-833B174D1802}.Release|Any CPU.ActiveCfg = Release|Any CPU
		{EE070CA8-CB6D-4502-9078-833B174D1802}.Release|Any CPU.Build.0 = Release|Any CPU
	EndGlobalSection
	GlobalSection(NestedProjects) = preSolution
		{08B232C8-D4FF-42C8-8C1C-27453B17666F} = {FC028E7E-A871-46A7-BA6E-86F82209C51A}
		{2244657B-47E5-4B69-B4EA-DAB32B9D5239} = {FC028E7E-A871-46A7-BA6E-86F82209C51A}
		{2B294100-AFAB-42D5-9942-660C82880142} = {FC028E7E-A871-46A7-BA6E-86F82209C51A}
		{94F59FB6-7BF3-4298-9DC0-1917C24C1271} = {FC028E7E-A871-46A7-BA6E-86F82209C51A}
		{643D8807-413E-4A59-8D5F-AEC310E38CB9} = {FC028E7E-A871-46A7-BA6E-86F82209C51A}
		{019D2315-D609-451A-B32A-43CD85878E4A} = {FC028E7E-A871-46A7-BA6E-86F82209C51A}
		{741E9EFD-B1DC-4A11-B745-C01F532D6292} = {FC028E7E-A871-46A7-BA6E-86F82209C51A}
		{8C3A0901-3271-4D94-8CF2-597C96270C3E} = {FC028E7E-A871-46A7-BA6E-86F82209C51A}
		{38FE2878-4DAF-4C37-AFE3-97A91D1E9417} = {FC028E7E-A871-46A7-BA6E-86F82209C51A}
		{67017B14-9235-4246-9104-E80D9C2B7193} = {FC028E7E-A871-46A7-BA6E-86F82209C51A}
		{4DCAF202-78CF-4B99-8FA8-BAA2B37D04B8} = {FC028E7E-A871-46A7-BA6E-86F82209C51A}
		{F21C31D2-AD3F-45BA-9F90-EBB7D22E0192} = {FC028E7E-A871-46A7-BA6E-86F82209C51A}
		{FDF1988A-1801-439A-B56A-815D1045B1EC} = {FC028E7E-A871-46A7-BA6E-86F82209C51A}
		{9A62FBE7-FE9A-458C-B61B-620A61149379} = {FC028E7E-A871-46A7-BA6E-86F82209C51A}
		{CF6EF6BE-D2B1-4EAA-B1AD-496F57D7C3FD} = {FC028E7E-A871-46A7-BA6E-86F82209C51A}
		{9F3687BB-978C-43A4-8807-CE496EB42D59} = {0F52F89E-5BC8-40E7-9EB5-D698E9EBA903}
		{25DE1A8E-C0D2-4BF0-9BE9-3D0E8F86CA99} = {0F52F89E-5BC8-40E7-9EB5-D698E9EBA903}
		{163DF32F-2009-4EAA-9B1C-C17AB7CC81C3} = {0F52F89E-5BC8-40E7-9EB5-D698E9EBA903}
		{BF3ED9EC-866E-41D1-8C39-B4E1BA7FCF10} = {0F52F89E-5BC8-40E7-9EB5-D698E9EBA903}
		{FB8B4529-1FE5-44D8-A3B2-9F01F8022ACA} = {0F52F89E-5BC8-40E7-9EB5-D698E9EBA903}
		{CC78A018-1BE9-4C44-829D-39B4F029A7D8} = {0F52F89E-5BC8-40E7-9EB5-D698E9EBA903}
		{0375112D-16FA-4481-A20C-2A6F3094D402} = {0F52F89E-5BC8-40E7-9EB5-D698E9EBA903}
		{9365C5A8-573D-4BB5-82AD-A69507123D04} = {0F52F89E-5BC8-40E7-9EB5-D698E9EBA903}
		{6C86CC7F-32FB-4F59-9EE3-4D6E5CFC9BC1} = {0F52F89E-5BC8-40E7-9EB5-D698E9EBA903}
		{359064EF-FB5C-4780-B8D9-3148D3646C34} = {0F52F89E-5BC8-40E7-9EB5-D698E9EBA903}
		{CEFFB6B9-7427-4DDD-979A-35DAFACC0C21} = {0F52F89E-5BC8-40E7-9EB5-D698E9EBA903}
		{AEF6AA5C-2A3D-4445-947A-C3BAAFDAD0AB} = {0F52F89E-5BC8-40E7-9EB5-D698E9EBA903}
		{786E5E27-C55D-4C4E-96CD-2888504750F7} = {0F52F89E-5BC8-40E7-9EB5-D698E9EBA903}
		{E4B7C5C8-9A8D-48F8-8F5F-BE1DA303B8FC} = {0F52F89E-5BC8-40E7-9EB5-D698E9EBA903}
		{DE6117CA-94A2-44CF-9A33-7DA77746088D} = {FC028E7E-A871-46A7-BA6E-86F82209C51A}
		{7F31F208-8051-44E1-8E93-364D381175EC} = {0F52F89E-5BC8-40E7-9EB5-D698E9EBA903}
		{931AF2DB-67D6-4F5B-BC25-1E63B1D629F5} = {FC028E7E-A871-46A7-BA6E-86F82209C51A}
		{4EA42D51-C9E8-46A6-8CA4-1FA6E4143B98} = {0F52F89E-5BC8-40E7-9EB5-D698E9EBA903}
		{F28CFDDD-270F-4697-B2F9-2252A2B9CDBF} = {0F52F89E-5BC8-40E7-9EB5-D698E9EBA903}
		{65761C9C-B87F-425F-B92D-5EC9563E2B54} = {0F52F89E-5BC8-40E7-9EB5-D698E9EBA903}
		{14FCB122-9803-4F7B-BCC7-1CAB2C29340F} = {0F52F89E-5BC8-40E7-9EB5-D698E9EBA903}
		{051F9102-1249-4B25-91BD-9472765817BF} = {0F52F89E-5BC8-40E7-9EB5-D698E9EBA903}
		{F8CD3744-73D2-4180-A398-B460F1AAFA87} = {0F52F89E-5BC8-40E7-9EB5-D698E9EBA903}
		{9AD6551B-1338-40C8-921F-B23D3C65F404} = {0F52F89E-5BC8-40E7-9EB5-D698E9EBA903}
		{20ED93D4-7BEB-4A75-849E-4110004EEB52} = {0F52F89E-5BC8-40E7-9EB5-D698E9EBA903}
		{ED33EC47-4A2B-49DC-9A02-5DC445D626F4} = {0F52F89E-5BC8-40E7-9EB5-D698E9EBA903}
		{7C755C7B-2270-46D1-A765-46BBEAB73BC8} = {0F52F89E-5BC8-40E7-9EB5-D698E9EBA903}
		{387388CE-8348-4108-995E-B02A6B12EB50} = {0F52F89E-5BC8-40E7-9EB5-D698E9EBA903}
		{2E273209-4F7F-4654-87C6-33674093D666} = {0F52F89E-5BC8-40E7-9EB5-D698E9EBA903}
		{EE070CA8-CB6D-4502-9078-833B174D1802} = {0F52F89E-5BC8-40E7-9EB5-D698E9EBA903}
	EndGlobalSection
EndGlobal
