
Microsoft Visual Studio Solution File, Format Version 12.00
# Visual Studio Version 17
VisualStudioVersion = 17.0.31903.59
MinimumVisualStudioVersion = 10.0.40219.1
Project("{FAE04EC0-301F-11D3-BF4B-00C04F79EFBC}") = "dev2_2024", "01_DEV2_2024\dev2_2024.csproj", "{610EDD61-EB5C-4C78-BCFE-1BA7379FF568}"
EndProject
Project("{2150E333-8FDC-42A3-9474-1A3956D46DE8}") = "01_DEV2_2024", "01_DEV2_2024", "{EC820E32-096A-4572-8883-04B78F40ED93}"
EndProject
Project("{FAE04EC0-301F-11D3-BF4B-00C04F79EFBC}") = "prima_app", "01_DEV2_2024\prima_app\prima_app.csproj", "{3729E6E3-2E1F-4916-A416-9BECDF176F10}"
EndProject
Global
	GlobalSection(SolutionConfigurationPlatforms) = preSolution
		Debug|Any CPU = Debug|Any CPU
		Release|Any CPU = Release|Any CPU
	EndGlobalSection
	GlobalSection(SolutionProperties) = preSolution
		HideSolutionNode = FALSE
	EndGlobalSection
	GlobalSection(ProjectConfigurationPlatforms) = postSolution
		{610EDD61-EB5C-4C78-BCFE-1BA7379FF568}.Debug|Any CPU.ActiveCfg = Debug|Any CPU
		{610EDD61-EB5C-4C78-BCFE-1BA7379FF568}.Debug|Any CPU.Build.0 = Debug|Any CPU
		{610EDD61-EB5C-4C78-BCFE-1BA7379FF568}.Release|Any CPU.ActiveCfg = Release|Any CPU
		{610EDD61-EB5C-4C78-BCFE-1BA7379FF568}.Release|Any CPU.Build.0 = Release|Any CPU
		{3729E6E3-2E1F-4916-A416-9BECDF176F10}.Debug|Any CPU.ActiveCfg = Debug|Any CPU
		{3729E6E3-2E1F-4916-A416-9BECDF176F10}.Debug|Any CPU.Build.0 = Debug|Any CPU
		{3729E6E3-2E1F-4916-A416-9BECDF176F10}.Release|Any CPU.ActiveCfg = Release|Any CPU
		{3729E6E3-2E1F-4916-A416-9BECDF176F10}.Release|Any CPU.Build.0 = Release|Any CPU
	EndGlobalSection
	GlobalSection(NestedProjects) = preSolution
		{3729E6E3-2E1F-4916-A416-9BECDF176F10} = {EC820E32-096A-4572-8883-04B78F40ED93}
	EndGlobalSection
EndGlobal
