
Microsoft Visual Studio Solution File, Format Version 12.00
# Visual Studio Version 17
VisualStudioVersion = 17.0.31903.59
MinimumVisualStudioVersion = 10.0.40219.1
Project("{2150E333-8FDC-42A3-9474-1A3956D46DE8}") = "Assignment", "Assignment", "{F4FBFCB7-E8C7-456A-9BAC-BC79FCFAE444}"
EndProject
Project("{FAE04EC0-301F-11D3-BF4B-00C04F79EFBC}") = "01_indovina-numero", "Assignment\01_indovina-numero\01_indovina-numero.csproj", "{DE2D978A-63D7-4FE7-AD29-60645AED1AEA}"
EndProject
Project("{FAE04EC0-301F-11D3-BF4B-00C04F79EFBC}") = "02_sorteggio_partecipanti_corso", "Assignment\02_sorteggio_partecipanti_corso\02_sorteggio_partecipanti_corso.csproj", "{CA293B3C-4AC5-424C-8D3A-CAF5CA0DC1BF}"
EndProject
Project("{FAE04EC0-301F-11D3-BF4B-00C04F79EFBC}") = "03_calcolatrice", "Assignment\03_calcolatrice\03_calcolatrice.csproj", "{B7AADAF7-E452-4191-9A5F-4AE76B28E3DC}"
EndProject
Project("{FAE04EC0-301F-11D3-BF4B-00C04F79EFBC}") = "04_calcolatrice-con-funzioni", "Assignment\04_calcolatrice-con-funzioni\04_calcolatrice-con-funzioni.csproj", "{FAB98E40-459C-4EF7-A900-C5A2F66C2990}"
EndProject
Project("{FAE04EC0-301F-11D3-BF4B-00C04F79EFBC}") = "05_sorteggio-con-funzioni", "Assignment\05_sorteggio-con-funzioni\05_sorteggio-con-funzioni.csproj", "{F751EBF6-07F8-42F9-97A2-38BE9D7DF078}"
EndProject
Project("{FAE04EC0-301F-11D3-BF4B-00C04F79EFBC}") = "06_indovina-numero-con-funzioni", "Assignment\06_indovina-numero-con-funzioni\06_indovina-numero-con-funzioni.csproj", "{D6153130-6FF8-4B0C-84D6-7E4D43477331}"
EndProject
Project("{FAE04EC0-301F-11D3-BF4B-00C04F79EFBC}") = "07_gioco-dadi", "Assignment\07_gioco-dadi\07_gioco-dadi.csproj", "{8826DBB6-401E-408D-858A-6404E862AA80}"
EndProject
Project("{FAE04EC0-301F-11D3-BF4B-00C04F79EFBC}") = "08_supermercato", "Assignment\08_supermercato\08_supermercato.csproj", "{F26708B8-1970-4108-810F-29510822E9B6}"
EndProject
Project("{FAE04EC0-301F-11D3-BF4B-00C04F79EFBC}") = "09_generatore-password", "Assignment\09_generatore-password\09_generatore-password.csproj", "{502CD5FE-726B-44DB-9895-DD0E94362B01}"
EndProject
Project("{FAE04EC0-301F-11D3-BF4B-00C04F79EFBC}") = "10_inserimento-dati", "Assignment\10_inserimento-dati\10_inserimento-dati.csproj", "{722AE414-6651-4BF6-88DA-BB382D1A23FE}"
EndProject
Project("{FAE04EC0-301F-11D3-BF4B-00C04F79EFBC}") = "11_metodo-verifica-input-generico", "Assignment\11_metodo-verifica-input-generico\11_metodo-verifica-input-generico.csproj", "{D8BE0E8F-D158-4872-BE79-730090352B84}"
EndProject
Project("{FAE04EC0-301F-11D3-BF4B-00C04F79EFBC}") = "13_verifica-competenze-1", "Assignment\13_verifica-competenze-1\13_verifica-competenze-1.csproj", "{A3B0746F-3EAF-4419-A2DB-C894CC83F0D7}"
EndProject
Project("{FAE04EC0-301F-11D3-BF4B-00C04F79EFBC}") = "14_sorteggio-partecipanti-txt", "Assignment\14_sorteggio-partecipanti-txt\14_sorteggio-partecipanti-txt.csproj", "{44BDCC7A-12CA-4D58-8FE8-37617B9DAE4F}"
EndProject
Project("{FAE04EC0-301F-11D3-BF4B-00C04F79EFBC}") = "15_indovina-numero-txt", "Assignment\15_indovina-numero-txt\15_indovina-numero-txt.csproj", "{FCFC9AFE-EF2C-41B4-A639-61D4EB1CA053}"
EndProject
Project("{2150E333-8FDC-42A3-9474-1A3956D46DE8}") = "xx-Esercitazioni", "xx-Esercitazioni", "{D912F83E-0822-48CE-9E13-5FC5157D1403}"
EndProject
Project("{FAE04EC0-301F-11D3-BF4B-00C04F79EFBC}") = "01_metodi-console", "xx-Esercitazioni\01_metodi-console\01_metodi-console.csproj", "{B1CA425F-9126-481D-AB54-F7DA17CAA830}"
EndProject
Project("{FAE04EC0-301F-11D3-BF4B-00C04F79EFBC}") = "02_tipi-di-dati", "xx-Esercitazioni\02_tipi-di-dati\02_tipi-di-dati.csproj", "{17256F18-2BEB-499C-A696-DC63CBAD2C2A}"
EndProject
Project("{FAE04EC0-301F-11D3-BF4B-00C04F79EFBC}") = "03_operatori", "xx-Esercitazioni\03_operatori\03_operatori.csproj", "{A5FEC003-FFF8-4699-9E6E-F286D490D65A}"
EndProject
Project("{FAE04EC0-301F-11D3-BF4B-00C04F79EFBC}") = "04_condizioni", "xx-Esercitazioni\04_condizioni\04_condizioni.csproj", "{BE78962C-9882-4952-9EFF-8103BDEB41B4}"
EndProject
Project("{FAE04EC0-301F-11D3-BF4B-00C04F79EFBC}") = "05_cicli", "xx-Esercitazioni\05_cicli\05_cicli.csproj", "{051123E1-9970-429C-9F12-12D3893763EB}"
EndProject
Project("{FAE04EC0-301F-11D3-BF4B-00C04F79EFBC}") = "06_metodi-array", "xx-Esercitazioni\06_metodi-array\06_metodi-array.csproj", "{6AB5E34C-B9CD-472E-922D-210AC5D03BDA}"
EndProject
Project("{FAE04EC0-301F-11D3-BF4B-00C04F79EFBC}") = "06_metodi-strings", "xx-Esercitazioni\06_metodi-strings\06_metodi-strings.csproj", "{C785DBA5-DEF1-4578-85BA-D52546A62572}"
EndProject
Project("{FAE04EC0-301F-11D3-BF4B-00C04F79EFBC}") = "07_metodi-lista", "xx-Esercitazioni\07_metodi-lista\07_metodi-lista.csproj", "{CF5DD5A4-ECDC-4002-925D-D0DCDE5D3374}"
EndProject
Project("{FAE04EC0-301F-11D3-BF4B-00C04F79EFBC}") = "08_metodi-dizionario", "xx-Esercitazioni\08_metodi-dizionario\08_metodi-dizionario.csproj", "{4E43E07C-4C28-4E81-9EB6-3755F626A180}"
EndProject
Project("{FAE04EC0-301F-11D3-BF4B-00C04F79EFBC}") = "09_dates", "xx-Esercitazioni\09_dates\09_dates.csproj", "{D86BC0E9-31A1-4F3F-8AEF-567D0F27E412}"
EndProject
Project("{FAE04EC0-301F-11D3-BF4B-00C04F79EFBC}") = "10_math", "xx-Esercitazioni\10_math\10_math.csproj", "{8CD93F2F-0FCD-44B4-9B19-BD7F2A899907}"
EndProject
Global
	GlobalSection(SolutionConfigurationPlatforms) = preSolution
		Debug|Any CPU = Debug|Any CPU
		Release|Any CPU = Release|Any CPU
	EndGlobalSection
	GlobalSection(SolutionProperties) = preSolution
		HideSolutionNode = FALSE
	EndGlobalSection
	GlobalSection(ProjectConfigurationPlatforms) = postSolution
		{DE2D978A-63D7-4FE7-AD29-60645AED1AEA}.Debug|Any CPU.ActiveCfg = Debug|Any CPU
		{DE2D978A-63D7-4FE7-AD29-60645AED1AEA}.Debug|Any CPU.Build.0 = Debug|Any CPU
		{DE2D978A-63D7-4FE7-AD29-60645AED1AEA}.Release|Any CPU.ActiveCfg = Release|Any CPU
		{DE2D978A-63D7-4FE7-AD29-60645AED1AEA}.Release|Any CPU.Build.0 = Release|Any CPU
		{CA293B3C-4AC5-424C-8D3A-CAF5CA0DC1BF}.Debug|Any CPU.ActiveCfg = Debug|Any CPU
		{CA293B3C-4AC5-424C-8D3A-CAF5CA0DC1BF}.Debug|Any CPU.Build.0 = Debug|Any CPU
		{CA293B3C-4AC5-424C-8D3A-CAF5CA0DC1BF}.Release|Any CPU.ActiveCfg = Release|Any CPU
		{CA293B3C-4AC5-424C-8D3A-CAF5CA0DC1BF}.Release|Any CPU.Build.0 = Release|Any CPU
		{B7AADAF7-E452-4191-9A5F-4AE76B28E3DC}.Debug|Any CPU.ActiveCfg = Debug|Any CPU
		{B7AADAF7-E452-4191-9A5F-4AE76B28E3DC}.Debug|Any CPU.Build.0 = Debug|Any CPU
		{B7AADAF7-E452-4191-9A5F-4AE76B28E3DC}.Release|Any CPU.ActiveCfg = Release|Any CPU
		{B7AADAF7-E452-4191-9A5F-4AE76B28E3DC}.Release|Any CPU.Build.0 = Release|Any CPU
		{FAB98E40-459C-4EF7-A900-C5A2F66C2990}.Debug|Any CPU.ActiveCfg = Debug|Any CPU
		{FAB98E40-459C-4EF7-A900-C5A2F66C2990}.Debug|Any CPU.Build.0 = Debug|Any CPU
		{FAB98E40-459C-4EF7-A900-C5A2F66C2990}.Release|Any CPU.ActiveCfg = Release|Any CPU
		{FAB98E40-459C-4EF7-A900-C5A2F66C2990}.Release|Any CPU.Build.0 = Release|Any CPU
		{F751EBF6-07F8-42F9-97A2-38BE9D7DF078}.Debug|Any CPU.ActiveCfg = Debug|Any CPU
		{F751EBF6-07F8-42F9-97A2-38BE9D7DF078}.Debug|Any CPU.Build.0 = Debug|Any CPU
		{F751EBF6-07F8-42F9-97A2-38BE9D7DF078}.Release|Any CPU.ActiveCfg = Release|Any CPU
		{F751EBF6-07F8-42F9-97A2-38BE9D7DF078}.Release|Any CPU.Build.0 = Release|Any CPU
		{D6153130-6FF8-4B0C-84D6-7E4D43477331}.Debug|Any CPU.ActiveCfg = Debug|Any CPU
		{D6153130-6FF8-4B0C-84D6-7E4D43477331}.Debug|Any CPU.Build.0 = Debug|Any CPU
		{D6153130-6FF8-4B0C-84D6-7E4D43477331}.Release|Any CPU.ActiveCfg = Release|Any CPU
		{D6153130-6FF8-4B0C-84D6-7E4D43477331}.Release|Any CPU.Build.0 = Release|Any CPU
		{8826DBB6-401E-408D-858A-6404E862AA80}.Debug|Any CPU.ActiveCfg = Debug|Any CPU
		{8826DBB6-401E-408D-858A-6404E862AA80}.Debug|Any CPU.Build.0 = Debug|Any CPU
		{8826DBB6-401E-408D-858A-6404E862AA80}.Release|Any CPU.ActiveCfg = Release|Any CPU
		{8826DBB6-401E-408D-858A-6404E862AA80}.Release|Any CPU.Build.0 = Release|Any CPU
		{F26708B8-1970-4108-810F-29510822E9B6}.Debug|Any CPU.ActiveCfg = Debug|Any CPU
		{F26708B8-1970-4108-810F-29510822E9B6}.Debug|Any CPU.Build.0 = Debug|Any CPU
		{F26708B8-1970-4108-810F-29510822E9B6}.Release|Any CPU.ActiveCfg = Release|Any CPU
		{F26708B8-1970-4108-810F-29510822E9B6}.Release|Any CPU.Build.0 = Release|Any CPU
		{502CD5FE-726B-44DB-9895-DD0E94362B01}.Debug|Any CPU.ActiveCfg = Debug|Any CPU
		{502CD5FE-726B-44DB-9895-DD0E94362B01}.Debug|Any CPU.Build.0 = Debug|Any CPU
		{502CD5FE-726B-44DB-9895-DD0E94362B01}.Release|Any CPU.ActiveCfg = Release|Any CPU
		{502CD5FE-726B-44DB-9895-DD0E94362B01}.Release|Any CPU.Build.0 = Release|Any CPU
		{722AE414-6651-4BF6-88DA-BB382D1A23FE}.Debug|Any CPU.ActiveCfg = Debug|Any CPU
		{722AE414-6651-4BF6-88DA-BB382D1A23FE}.Debug|Any CPU.Build.0 = Debug|Any CPU
		{722AE414-6651-4BF6-88DA-BB382D1A23FE}.Release|Any CPU.ActiveCfg = Release|Any CPU
		{722AE414-6651-4BF6-88DA-BB382D1A23FE}.Release|Any CPU.Build.0 = Release|Any CPU
		{D8BE0E8F-D158-4872-BE79-730090352B84}.Debug|Any CPU.ActiveCfg = Debug|Any CPU
		{D8BE0E8F-D158-4872-BE79-730090352B84}.Debug|Any CPU.Build.0 = Debug|Any CPU
		{D8BE0E8F-D158-4872-BE79-730090352B84}.Release|Any CPU.ActiveCfg = Release|Any CPU
		{D8BE0E8F-D158-4872-BE79-730090352B84}.Release|Any CPU.Build.0 = Release|Any CPU
		{A3B0746F-3EAF-4419-A2DB-C894CC83F0D7}.Debug|Any CPU.ActiveCfg = Debug|Any CPU
		{A3B0746F-3EAF-4419-A2DB-C894CC83F0D7}.Debug|Any CPU.Build.0 = Debug|Any CPU
		{A3B0746F-3EAF-4419-A2DB-C894CC83F0D7}.Release|Any CPU.ActiveCfg = Release|Any CPU
		{A3B0746F-3EAF-4419-A2DB-C894CC83F0D7}.Release|Any CPU.Build.0 = Release|Any CPU
		{44BDCC7A-12CA-4D58-8FE8-37617B9DAE4F}.Debug|Any CPU.ActiveCfg = Debug|Any CPU
		{44BDCC7A-12CA-4D58-8FE8-37617B9DAE4F}.Debug|Any CPU.Build.0 = Debug|Any CPU
		{44BDCC7A-12CA-4D58-8FE8-37617B9DAE4F}.Release|Any CPU.ActiveCfg = Release|Any CPU
		{44BDCC7A-12CA-4D58-8FE8-37617B9DAE4F}.Release|Any CPU.Build.0 = Release|Any CPU
		{FCFC9AFE-EF2C-41B4-A639-61D4EB1CA053}.Debug|Any CPU.ActiveCfg = Debug|Any CPU
		{FCFC9AFE-EF2C-41B4-A639-61D4EB1CA053}.Debug|Any CPU.Build.0 = Debug|Any CPU
		{FCFC9AFE-EF2C-41B4-A639-61D4EB1CA053}.Release|Any CPU.ActiveCfg = Release|Any CPU
		{FCFC9AFE-EF2C-41B4-A639-61D4EB1CA053}.Release|Any CPU.Build.0 = Release|Any CPU
		{B1CA425F-9126-481D-AB54-F7DA17CAA830}.Debug|Any CPU.ActiveCfg = Debug|Any CPU
		{B1CA425F-9126-481D-AB54-F7DA17CAA830}.Debug|Any CPU.Build.0 = Debug|Any CPU
		{B1CA425F-9126-481D-AB54-F7DA17CAA830}.Release|Any CPU.ActiveCfg = Release|Any CPU
		{B1CA425F-9126-481D-AB54-F7DA17CAA830}.Release|Any CPU.Build.0 = Release|Any CPU
		{17256F18-2BEB-499C-A696-DC63CBAD2C2A}.Debug|Any CPU.ActiveCfg = Debug|Any CPU
		{17256F18-2BEB-499C-A696-DC63CBAD2C2A}.Debug|Any CPU.Build.0 = Debug|Any CPU
		{17256F18-2BEB-499C-A696-DC63CBAD2C2A}.Release|Any CPU.ActiveCfg = Release|Any CPU
		{17256F18-2BEB-499C-A696-DC63CBAD2C2A}.Release|Any CPU.Build.0 = Release|Any CPU
		{A5FEC003-FFF8-4699-9E6E-F286D490D65A}.Debug|Any CPU.ActiveCfg = Debug|Any CPU
		{A5FEC003-FFF8-4699-9E6E-F286D490D65A}.Debug|Any CPU.Build.0 = Debug|Any CPU
		{A5FEC003-FFF8-4699-9E6E-F286D490D65A}.Release|Any CPU.ActiveCfg = Release|Any CPU
		{A5FEC003-FFF8-4699-9E6E-F286D490D65A}.Release|Any CPU.Build.0 = Release|Any CPU
		{BE78962C-9882-4952-9EFF-8103BDEB41B4}.Debug|Any CPU.ActiveCfg = Debug|Any CPU
		{BE78962C-9882-4952-9EFF-8103BDEB41B4}.Debug|Any CPU.Build.0 = Debug|Any CPU
		{BE78962C-9882-4952-9EFF-8103BDEB41B4}.Release|Any CPU.ActiveCfg = Release|Any CPU
		{BE78962C-9882-4952-9EFF-8103BDEB41B4}.Release|Any CPU.Build.0 = Release|Any CPU
		{051123E1-9970-429C-9F12-12D3893763EB}.Debug|Any CPU.ActiveCfg = Debug|Any CPU
		{051123E1-9970-429C-9F12-12D3893763EB}.Debug|Any CPU.Build.0 = Debug|Any CPU
		{051123E1-9970-429C-9F12-12D3893763EB}.Release|Any CPU.ActiveCfg = Release|Any CPU
		{051123E1-9970-429C-9F12-12D3893763EB}.Release|Any CPU.Build.0 = Release|Any CPU
		{6AB5E34C-B9CD-472E-922D-210AC5D03BDA}.Debug|Any CPU.ActiveCfg = Debug|Any CPU
		{6AB5E34C-B9CD-472E-922D-210AC5D03BDA}.Debug|Any CPU.Build.0 = Debug|Any CPU
		{6AB5E34C-B9CD-472E-922D-210AC5D03BDA}.Release|Any CPU.ActiveCfg = Release|Any CPU
		{6AB5E34C-B9CD-472E-922D-210AC5D03BDA}.Release|Any CPU.Build.0 = Release|Any CPU
		{C785DBA5-DEF1-4578-85BA-D52546A62572}.Debug|Any CPU.ActiveCfg = Debug|Any CPU
		{C785DBA5-DEF1-4578-85BA-D52546A62572}.Debug|Any CPU.Build.0 = Debug|Any CPU
		{C785DBA5-DEF1-4578-85BA-D52546A62572}.Release|Any CPU.ActiveCfg = Release|Any CPU
		{C785DBA5-DEF1-4578-85BA-D52546A62572}.Release|Any CPU.Build.0 = Release|Any CPU
		{CF5DD5A4-ECDC-4002-925D-D0DCDE5D3374}.Debug|Any CPU.ActiveCfg = Debug|Any CPU
		{CF5DD5A4-ECDC-4002-925D-D0DCDE5D3374}.Debug|Any CPU.Build.0 = Debug|Any CPU
		{CF5DD5A4-ECDC-4002-925D-D0DCDE5D3374}.Release|Any CPU.ActiveCfg = Release|Any CPU
		{CF5DD5A4-ECDC-4002-925D-D0DCDE5D3374}.Release|Any CPU.Build.0 = Release|Any CPU
		{4E43E07C-4C28-4E81-9EB6-3755F626A180}.Debug|Any CPU.ActiveCfg = Debug|Any CPU
		{4E43E07C-4C28-4E81-9EB6-3755F626A180}.Debug|Any CPU.Build.0 = Debug|Any CPU
		{4E43E07C-4C28-4E81-9EB6-3755F626A180}.Release|Any CPU.ActiveCfg = Release|Any CPU
		{4E43E07C-4C28-4E81-9EB6-3755F626A180}.Release|Any CPU.Build.0 = Release|Any CPU
		{D86BC0E9-31A1-4F3F-8AEF-567D0F27E412}.Debug|Any CPU.ActiveCfg = Debug|Any CPU
		{D86BC0E9-31A1-4F3F-8AEF-567D0F27E412}.Debug|Any CPU.Build.0 = Debug|Any CPU
		{D86BC0E9-31A1-4F3F-8AEF-567D0F27E412}.Release|Any CPU.ActiveCfg = Release|Any CPU
		{D86BC0E9-31A1-4F3F-8AEF-567D0F27E412}.Release|Any CPU.Build.0 = Release|Any CPU
		{8CD93F2F-0FCD-44B4-9B19-BD7F2A899907}.Debug|Any CPU.ActiveCfg = Debug|Any CPU
		{8CD93F2F-0FCD-44B4-9B19-BD7F2A899907}.Debug|Any CPU.Build.0 = Debug|Any CPU
		{8CD93F2F-0FCD-44B4-9B19-BD7F2A899907}.Release|Any CPU.ActiveCfg = Release|Any CPU
		{8CD93F2F-0FCD-44B4-9B19-BD7F2A899907}.Release|Any CPU.Build.0 = Release|Any CPU
	EndGlobalSection
	GlobalSection(NestedProjects) = preSolution
		{DE2D978A-63D7-4FE7-AD29-60645AED1AEA} = {F4FBFCB7-E8C7-456A-9BAC-BC79FCFAE444}
		{CA293B3C-4AC5-424C-8D3A-CAF5CA0DC1BF} = {F4FBFCB7-E8C7-456A-9BAC-BC79FCFAE444}
		{B7AADAF7-E452-4191-9A5F-4AE76B28E3DC} = {F4FBFCB7-E8C7-456A-9BAC-BC79FCFAE444}
		{FAB98E40-459C-4EF7-A900-C5A2F66C2990} = {F4FBFCB7-E8C7-456A-9BAC-BC79FCFAE444}
		{F751EBF6-07F8-42F9-97A2-38BE9D7DF078} = {F4FBFCB7-E8C7-456A-9BAC-BC79FCFAE444}
		{D6153130-6FF8-4B0C-84D6-7E4D43477331} = {F4FBFCB7-E8C7-456A-9BAC-BC79FCFAE444}
		{8826DBB6-401E-408D-858A-6404E862AA80} = {F4FBFCB7-E8C7-456A-9BAC-BC79FCFAE444}
		{F26708B8-1970-4108-810F-29510822E9B6} = {F4FBFCB7-E8C7-456A-9BAC-BC79FCFAE444}
		{502CD5FE-726B-44DB-9895-DD0E94362B01} = {F4FBFCB7-E8C7-456A-9BAC-BC79FCFAE444}
		{722AE414-6651-4BF6-88DA-BB382D1A23FE} = {F4FBFCB7-E8C7-456A-9BAC-BC79FCFAE444}
		{D8BE0E8F-D158-4872-BE79-730090352B84} = {F4FBFCB7-E8C7-456A-9BAC-BC79FCFAE444}
		{A3B0746F-3EAF-4419-A2DB-C894CC83F0D7} = {F4FBFCB7-E8C7-456A-9BAC-BC79FCFAE444}
		{44BDCC7A-12CA-4D58-8FE8-37617B9DAE4F} = {F4FBFCB7-E8C7-456A-9BAC-BC79FCFAE444}
		{FCFC9AFE-EF2C-41B4-A639-61D4EB1CA053} = {F4FBFCB7-E8C7-456A-9BAC-BC79FCFAE444}
		{B1CA425F-9126-481D-AB54-F7DA17CAA830} = {D912F83E-0822-48CE-9E13-5FC5157D1403}
		{17256F18-2BEB-499C-A696-DC63CBAD2C2A} = {D912F83E-0822-48CE-9E13-5FC5157D1403}
		{A5FEC003-FFF8-4699-9E6E-F286D490D65A} = {D912F83E-0822-48CE-9E13-5FC5157D1403}
		{BE78962C-9882-4952-9EFF-8103BDEB41B4} = {D912F83E-0822-48CE-9E13-5FC5157D1403}
		{051123E1-9970-429C-9F12-12D3893763EB} = {D912F83E-0822-48CE-9E13-5FC5157D1403}
		{6AB5E34C-B9CD-472E-922D-210AC5D03BDA} = {D912F83E-0822-48CE-9E13-5FC5157D1403}
		{C785DBA5-DEF1-4578-85BA-D52546A62572} = {D912F83E-0822-48CE-9E13-5FC5157D1403}
		{CF5DD5A4-ECDC-4002-925D-D0DCDE5D3374} = {D912F83E-0822-48CE-9E13-5FC5157D1403}
		{4E43E07C-4C28-4E81-9EB6-3755F626A180} = {D912F83E-0822-48CE-9E13-5FC5157D1403}
		{D86BC0E9-31A1-4F3F-8AEF-567D0F27E412} = {D912F83E-0822-48CE-9E13-5FC5157D1403}
		{8CD93F2F-0FCD-44B4-9B19-BD7F2A899907} = {D912F83E-0822-48CE-9E13-5FC5157D1403}
	EndGlobalSection
EndGlobal
