Microsoft Visual Studio Solution File, Format Version 12.00
# Visual Studio Version 17
VisualStudioVersion = 17.5.2.0
MinimumVisualStudioVersion = 10.0.40219.1
Project("{FAE04EC0-301F-11D3-BF4B-00C04F79EFBC}") = "35_webapp-prodotti", "35_webapp-prodotti.csproj", "{5068D420-B779-9D68-4194-B5E0FDF5FF71}"
EndProject
Global
	GlobalSection(SolutionConfigurationPlatforms) = preSolution
		Debug|Any CPU = Debug|Any CPU
		Release|Any CPU = Release|Any CPU
	EndGlobalSection
	GlobalSection(ProjectConfigurationPlatforms) = postSolution
		{5068D420-B779-9D68-4194-B5E0FDF5FF71}.Debug|Any CPU.ActiveCfg = Debug|Any CPU
		{5068D420-B779-9D68-4194-B5E0FDF5FF71}.Debug|Any CPU.Build.0 = Debug|Any CPU
		{5068D420-B779-9D68-4194-B5E0FDF5FF71}.Release|Any CPU.ActiveCfg = Release|Any CPU
		{5068D420-B779-9D68-4194-B5E0FDF5FF71}.Release|Any CPU.Build.0 = Release|Any CPU
	EndGlobalSection
	GlobalSection(SolutionProperties) = preSolution
		HideSolutionNode = FALSE
	EndGlobalSection
	GlobalSection(ExtensibilityGlobals) = postSolution
		SolutionGuid = {063694F0-8130-4797-8044-074783F9DFF0}
	EndGlobalSection
EndGlobal
